
Microsoft Visual Studio Solution File, Format Version 12.00
# Visual Studio Version 16
VisualStudioVersion = 16.0.29728.190
MinimumVisualStudioVersion = 10.0.40219.1
Project("{FAE04EC0-301F-11D3-BF4B-00C04F79EFBC}") = "Lab2Question3", "Lab2Question3.csproj", "{44FB42C1-4C0F-4387-80BF-7DE8B011C15B}"
EndProject
Global
	GlobalSection(SolutionConfigurationPlatforms) = preSolution
		Debug|Any CPU = Debug|Any CPU
		Release|Any CPU = Release|Any CPU
	EndGlobalSection
	GlobalSection(ProjectConfigurationPlatforms) = postSolution
		{44FB42C1-4C0F-4387-80BF-7DE8B011C15B}.Debug|Any CPU.ActiveCfg = Debug|Any CPU
		{44FB42C1-4C0F-4387-80BF-7DE8B011C15B}.Debug|Any CPU.Build.0 = Debug|Any CPU
		{44FB42C1-4C0F-4387-80BF-7DE8B011C15B}.Release|Any CPU.ActiveCfg = Release|Any CPU
		{44FB42C1-4C0F-4387-80BF-7DE8B011C15B}.Release|Any CPU.Build.0 = Release|Any CPU
	EndGlobalSection
	GlobalSection(SolutionProperties) = preSolution
		HideSolutionNode = FALSE
	EndGlobalSection
	GlobalSection(ExtensibilityGlobals) = postSolution
		SolutionGuid = {67C5F10B-A672-405A-A625-E348D1235BF9}
	EndGlobalSection
EndGlobal
