
Microsoft Visual Studio Solution File, Format Version 12.00
# Visual Studio Version 16
VisualStudioVersion = 16.0.29728.190
MinimumVisualStudioVersion = 10.0.40219.1
Project("{FAE04EC0-301F-11D3-BF4B-00C04F79EFBC}") = "Assignment2Question3", "Assignment2Question3.csproj", "{BBEB2919-1942-4660-8C89-1B47D3E46685}"
EndProject
Global
	GlobalSection(SolutionConfigurationPlatforms) = preSolution
		Debug|Any CPU = Debug|Any CPU
		Release|Any CPU = Release|Any CPU
	EndGlobalSection
	GlobalSection(ProjectConfigurationPlatforms) = postSolution
		{BBEB2919-1942-4660-8C89-1B47D3E46685}.Debug|Any CPU.ActiveCfg = Debug|Any CPU
		{BBEB2919-1942-4660-8C89-1B47D3E46685}.Debug|Any CPU.Build.0 = Debug|Any CPU
		{BBEB2919-1942-4660-8C89-1B47D3E46685}.Release|Any CPU.ActiveCfg = Release|Any CPU
		{BBEB2919-1942-4660-8C89-1B47D3E46685}.Release|Any CPU.Build.0 = Release|Any CPU
	EndGlobalSection
	GlobalSection(SolutionProperties) = preSolution
		HideSolutionNode = FALSE
	EndGlobalSection
	GlobalSection(ExtensibilityGlobals) = postSolution
		SolutionGuid = {30264706-EF73-494A-BF68-97F41478A4A8}
	EndGlobalSection
EndGlobal
